dependencies:
- name: vpatron
  repository: file://../../vpatron/chart/
  version: v0.0.5
- name: autospot
  repository: file://../../autospot/chart/
  version: v0.0.5
- name: limit-ranger
  repository: file://../../limit-ranger/chart/
  version: v0.0.5
- name: office-hours
  repository: file://../../office-hours/chart/
  version: v0.0.5
- name: kyverno
  repository: https://kyverno.github.io/kyverno/
  version: 3.2.6
- name: finops-policies
  repository: file://../../finops-policies/chart/
  version: v0.0.5
- name: vpa
  repository: https://charts.fairwinds.com/stable
  version: 4.5.0
- name: grafana
  repository: https://grafana.github.io/helm-charts
  version: 8.4.1
digest: sha256:c652c255c5ee0273c90708b220340debf6a7669f8aec29a8d421be44c92af40a
generated: "2024-08-08T13:50:34.800366+01:00"
