dependencies:
- name: prometheus-opencost-exporter
  repository: https://prometheus-community.github.io/helm-charts
  version: 0.1.1
- name: opencost
  repository: https://opencost.github.io/opencost-helm-chart
  version: 1.42.0
- name: kyverno
  repository: https://kyverno.github.io/kyverno/
  version: 3.2.6
- name: finops-policies
  repository: https://charts.jetstack.io
  version: v0.0.5
- name: vpa
  repository: https://charts.fairwinds.com/stable
  version: 4.5.0
- name: grafana
  repository: https://grafana.github.io/helm-charts
  version: 8.4.7
- name: finops-dashboards
  repository: https://charts.jetstack.io
  version: v0.0.5
digest: sha256:e0b055f5dc70b25d680ef814fa4833543f418ad68e288d85d107aec8fdd246b9
generated: "2024-08-22T15:05:26.146903933Z"
